// !$*UTF8*$!
{
	archiveVersion = 1;
	classes = {
	};
	objectVersion = 56;
	objects = {

/* Begin PBXBuildFile section */
		9B313FD9792E4900EF0321EC /* Pods_Homework_6____ItsMeIns___SmartHome.framework in Frameworks */ = {isa = PBXBuildFile; fileRef = 84525B93A8B6F073275750E8 /* Pods_Homework_6____ItsMeIns___SmartHome.framework */; };
		FA7226E429447EAB00153346 /* AppDelegate.swift in Sources */ = {isa = PBXBuildFile; fileRef = FA7226E329447EAB00153346 /* AppDelegate.swift */; };
		FA7226E629447EAB00153346 /* SceneDelegate.swift in Sources */ = {isa = PBXBuildFile; fileRef = FA7226E529447EAB00153346 /* SceneDelegate.swift */; };
		FA7226E829447EAB00153346 /* ViewController.swift in Sources */ = {isa = PBXBuildFile; fileRef = FA7226E729447EAB00153346 /* ViewController.swift */; };
		FA7226EB29447EAB00153346 /* Main.storyboard in Resources */ = {isa = PBXBuildFile; fileRef = FA7226E929447EAB00153346 /* Main.storyboard */; };
		FA7226ED29447EAE00153346 /* Assets.xcassets in Resources */ = {isa = PBXBuildFile; fileRef = FA7226EC29447EAE00153346 /* Assets.xcassets */; };
		FA7226F029447EAE00153346 /* LaunchScreen.storyboard in Resources */ = {isa = PBXBuildFile; fileRef = FA7226EE29447EAE00153346 /* LaunchScreen.storyboard */; };
		FA83EE5629466C4600074090 /* lamp.json in Resources */ = {isa = PBXBuildFile; fileRef = FA83EE5529466C4600074090 /* lamp.json */; };
		FA9AF11529460F9E00D2DFF0 /* ScenarioCustomView.swift in Sources */ = {isa = PBXBuildFile; fileRef = FA9AF11429460F9E00D2DFF0 /* ScenarioCustomView.swift */; };
		FA9AF11729460FB100D2DFF0 /* ScenarioCustomView.xib in Resources */ = {isa = PBXBuildFile; fileRef = FA9AF11629460FB100D2DFF0 /* ScenarioCustomView.xib */; };
		FA9AF11929460FFE00D2DFF0 /* RoomsCustomView.swift in Sources */ = {isa = PBXBuildFile; fileRef = FA9AF11829460FFE00D2DFF0 /* RoomsCustomView.swift */; };
		FA9AF11B2946100E00D2DFF0 /* RoomsCustomView.xib in Resources */ = {isa = PBXBuildFile; fileRef = FA9AF11A2946100E00D2DFF0 /* RoomsCustomView.xib */; };
		FA9AF11F2946104E00D2DFF0 /* DevicesCustomView.swift in Sources */ = {isa = PBXBuildFile; fileRef = FA9AF11E2946104E00D2DFF0 /* DevicesCustomView.swift */; };
		FA9AF1212946105700D2DFF0 /* DevicesCustomView.xib in Resources */ = {isa = PBXBuildFile; fileRef = FA9AF1202946105700D2DFF0 /* DevicesCustomView.xib */; };
		FA9AF123294610FB00D2DFF0 /* PersonView.swift in Sources */ = {isa = PBXBuildFile; fileRef = FA9AF122294610FB00D2DFF0 /* PersonView.swift */; };
/* End PBXBuildFile section */

/* Begin PBXFileReference section */
		17B05C44A94564A94C7E7F10 /* Pods-Homework 6 - @ItsMeIns - SmartHome.release.xcconfig */ = {isa = PBXFileReference; includeInIndex = 1; lastKnownFileType = text.xcconfig; name = "Pods-Homework 6 - @ItsMeIns - SmartHome.release.xcconfig"; path = "Target Support Files/Pods-Homework 6 - @ItsMeIns - SmartHome/Pods-Homework 6 - @ItsMeIns - SmartHome.release.xcconfig"; sourceTree = "<group>"; };
		7F91532771EBA127314477BE /* Pods-Homework 6 - @ItsMeIns - SmartHome.debug.xcconfig */ = {isa = PBXFileReference; includeInIndex = 1; lastKnownFileType = text.xcconfig; name = "Pods-Homework 6 - @ItsMeIns - SmartHome.debug.xcconfig"; path = "Target Support Files/Pods-Homework 6 - @ItsMeIns - SmartHome/Pods-Homework 6 - @ItsMeIns - SmartHome.debug.xcconfig"; sourceTree = "<group>"; };
		84525B93A8B6F073275750E8 /* Pods_Homework_6____ItsMeIns___SmartHome.framework */ = {isa = PBXFileReference; explicitFileType = wrapper.framework; includeInIndex = 0; path = "Pods_Homework_6____ItsMeIns___SmartHome.framework"; sourceTree = BUILT_PRODUCTS_DIR; };
		FA7226E029447EAB00153346 /* Homework 6 - @ItsMeIns - SmartHome.app */ = {isa = PBXFileReference; explicitFileType = wrapper.application; includeInIndex = 0; path = "Homework 6 - @ItsMeIns - SmartHome.app"; sourceTree = BUILT_PRODUCTS_DIR; };
		FA7226E329447EAB00153346 /* AppDelegate.swift */ = {isa = PBXFileReference; lastKnownFileType = sourcecode.swift; path = AppDelegate.swift; sourceTree = "<group>"; };
		FA7226E529447EAB00153346 /* SceneDelegate.swift */ = {isa = PBXFileReference; lastKnownFileType = sourcecode.swift; path = SceneDelegate.swift; sourceTree = "<group>"; };
		FA7226E729447EAB00153346 /* ViewController.swift */ = {isa = PBXFileReference; lastKnownFileType = sourcecode.swift; path = ViewController.swift; sourceTree = "<group>"; };
		FA7226EA29447EAB00153346 /* Base */ = {isa = PBXFileReference; lastKnownFileType = file.storyboard; name = Base; path = Base.lproj/Main.storyboard; sourceTree = "<group>"; };
		FA7226EC29447EAE00153346 /* Assets.xcassets */ = {isa = PBXFileReference; lastKnownFileType = folder.assetcatalog; path = Assets.xcassets; sourceTree = "<group>"; };
		FA7226EF29447EAE00153346 /* Base */ = {isa = PBXFileReference; lastKnownFileType = file.storyboard; name = Base; path = Base.lproj/LaunchScreen.storyboard; sourceTree = "<group>"; };
		FA7226F129447EAE00153346 /* Info.plist */ = {isa = PBXFileReference; lastKnownFileType = text.plist.xml; path = Info.plist; sourceTree = "<group>"; };
		FA83EE5529466C4600074090 /* lamp.json */ = {isa = PBXFileReference; fileEncoding = 4; lastKnownFileType = text.json; path = lamp.json; sourceTree = "<group>"; };
		FA9AF11429460F9E00D2DFF0 /* ScenarioCustomView.swift */ = {isa = PBXFileReference; lastKnownFileType = sourcecode.swift; path = ScenarioCustomView.swift; sourceTree = "<group>"; };
		FA9AF11629460FB100D2DFF0 /* ScenarioCustomView.xib */ = {isa = PBXFileReference; lastKnownFileType = file.xib; path = ScenarioCustomView.xib; sourceTree = "<group>"; };
		FA9AF11829460FFE00D2DFF0 /* RoomsCustomView.swift */ = {isa = PBXFileReference; lastKnownFileType = sourcecode.swift; path = RoomsCustomView.swift; sourceTree = "<group>"; };
		FA9AF11A2946100E00D2DFF0 /* RoomsCustomView.xib */ = {isa = PBXFileReference; lastKnownFileType = file.xib; path = RoomsCustomView.xib; sourceTree = "<group>"; };
		FA9AF11E2946104E00D2DFF0 /* DevicesCustomView.swift */ = {isa = PBXFileReference; lastKnownFileType = sourcecode.swift; path = DevicesCustomView.swift; sourceTree = "<group>"; };
		FA9AF1202946105700D2DFF0 /* DevicesCustomView.xib */ = {isa = PBXFileReference; lastKnownFileType = file.xib; path = DevicesCustomView.xib; sourceTree = "<group>"; };
		FA9AF122294610FB00D2DFF0 /* PersonView.swift */ = {isa = PBXFileReference; lastKnownFileType = sourcecode.swift; path = PersonView.swift; sourceTree = "<group>"; };
/* End PBXFileReference section */

/* Begin PBXFrameworksBuildPhase section */
		FA7226DD29447EAA00153346 /* Frameworks */ = {
			isa = PBXFrameworksBuildPhase;
			buildActionMask = 2147483647;
			files = (
				9B313FD9792E4900EF0321EC /* Pods_Homework_6____ItsMeIns___SmartHome.framework in Frameworks */,
			);
			runOnlyForDeploymentPostprocessing = 0;
		};
/* End PBXFrameworksBuildPhase section */

/* Begin PBXGroup section */
		0F6F05709E0B09DCA1308281 /* Frameworks */ = {
			isa = PBXGroup;
			children = (
				84525B93A8B6F073275750E8 /* Pods_Homework_6____ItsMeIns___SmartHome.framework */,
			);
			name = Frameworks;
			sourceTree = "<group>";
		};
		9F6AA147B4FFE03691100DC8 /* Pods */ = {
			isa = PBXGroup;
			children = (
				7F91532771EBA127314477BE /* Pods-Homework 6 - @ItsMeIns - SmartHome.debug.xcconfig */,
				17B05C44A94564A94C7E7F10 /* Pods-Homework 6 - @ItsMeIns - SmartHome.release.xcconfig */,
			);
			path = Pods;
			sourceTree = "<group>";
		};
		FA7226D729447EAA00153346 = {
			isa = PBXGroup;
			children = (
				FA7226E229447EAB00153346 /* Homework 6 - @ItsMeIns - SmartHome */,
				FA7226E129447EAB00153346 /* Products */,
				9F6AA147B4FFE03691100DC8 /* Pods */,
				0F6F05709E0B09DCA1308281 /* Frameworks */,
			);
			sourceTree = "<group>";
		};
		FA7226E129447EAB00153346 /* Products */ = {
			isa = PBXGroup;
			children = (
				FA7226E029447EAB00153346 /* Homework 6 - @ItsMeIns - SmartHome.app */,
			);
			name = Products;
			sourceTree = "<group>";
		};
		FA7226E229447EAB00153346 /* Homework 6 - @ItsMeIns - SmartHome */ = {
			isa = PBXGroup;
			children = (
				FA83EE5229464FC700074090 /* animatoin */,
				FA9AF11329460F7800D2DFF0 /* Xib */,
				FA7226E329447EAB00153346 /* AppDelegate.swift */,
				FA7226E529447EAB00153346 /* SceneDelegate.swift */,
				FA7226E729447EAB00153346 /* ViewController.swift */,
				FA7226E929447EAB00153346 /* Main.storyboard */,
				FA7226EC29447EAE00153346 /* Assets.xcassets */,
				FA7226EE29447EAE00153346 /* LaunchScreen.storyboard */,
				FA7226F129447EAE00153346 /* Info.plist */,
			);
			path = "Homework 6 - @ItsMeIns - SmartHome";
			sourceTree = "<group>";
		};
		FA83EE5229464FC700074090 /* animatoin */ = {
			isa = PBXGroup;
			children = (
				FA83EE5529466C4600074090 /* lamp.json */,
			);
			path = animatoin;
			sourceTree = "<group>";
		};
		FA9AF11329460F7800D2DFF0 /* Xib */ = {
			isa = PBXGroup;
			children = (
				FA9AF11429460F9E00D2DFF0 /* ScenarioCustomView.swift */,
				FA9AF11629460FB100D2DFF0 /* ScenarioCustomView.xib */,
				FA9AF11829460FFE00D2DFF0 /* RoomsCustomView.swift */,
				FA9AF11A2946100E00D2DFF0 /* RoomsCustomView.xib */,
				FA9AF11E2946104E00D2DFF0 /* DevicesCustomView.swift */,
				FA9AF1202946105700D2DFF0 /* DevicesCustomView.xib */,
				FA9AF122294610FB00D2DFF0 /* PersonView.swift */,
			);
			path = Xib;
			sourceTree = "<group>";
		};
/* End PBXGroup section */

/* Begin PBXNativeTarget section */
		FA7226DF29447EAA00153346 /* Homework 6 - @ItsMeIns - SmartHome */ = {
			isa = PBXNativeTarget;
			buildConfigurationList = FA7226F429447EAE00153346 /* Build configuration list for PBXNativeTarget "Homework 6 - @ItsMeIns - SmartHome" */;
			buildPhases = (
				287B7B8AD1AC09CF86714688 /* [CP] Check Pods Manifest.lock */,
				FA7226DC29447EAA00153346 /* Sources */,
				FA7226DD29447EAA00153346 /* Frameworks */,
				FA7226DE29447EAA00153346 /* Resources */,
				E7E8AC3A3C4E28531649C678 /* [CP] Embed Pods Frameworks */,
			);
			buildRules = (
			);
			dependencies = (
			);
			name = "Homework 6 - @ItsMeIns - SmartHome";
			productName = "Homework 6 - @ItsMeIns - SmartHome";
			productReference = FA7226E029447EAB00153346 /* Homework 6 - @ItsMeIns - SmartHome.app */;
			productType = "com.apple.product-type.application";
		};
/* End PBXNativeTarget section */

/* Begin PBXProject section */
		FA7226D829447EAA00153346 /* Project object */ = {
			isa = PBXProject;
			attributes = {
				BuildIndependentTargetsInParallel = 1;
				LastSwiftUpdateCheck = 1400;
				LastUpgradeCheck = 1400;
				TargetAttributes = {
					FA7226DF29447EAA00153346 = {
						CreatedOnToolsVersion = 14.0.1;
					};
				};
			};
			buildConfigurationList = FA7226DB29447EAA00153346 /* Build configuration list for PBXProject "Homework 6 - @ItsMeIns - SmartHome" */;
			compatibilityVersion = "Xcode 14.0";
			developmentRegion = en;
			hasScannedForEncodings = 0;
			knownRegions = (
				en,
				Base,
			);
			mainGroup = FA7226D729447EAA00153346;
			productRefGroup = FA7226E129447EAB00153346 /* Products */;
			projectDirPath = "";
			projectRoot = "";
			targets = (
				FA7226DF29447EAA00153346 /* Homework 6 - @ItsMeIns - SmartHome */,
			);
		};
/* End PBXProject section */

/* Begin PBXResourcesBuildPhase section */
		FA7226DE29447EAA00153346 /* Resources */ = {
			isa = PBXResourcesBuildPhase;
			buildActionMask = 2147483647;
			files = (
				FA7226F029447EAE00153346 /* LaunchScreen.storyboard in Resources */,
				FA9AF11729460FB100D2DFF0 /* ScenarioCustomView.xib in Resources */,
				FA9AF11B2946100E00D2DFF0 /* RoomsCustomView.xib in Resources */,
				FA7226ED29447EAE00153346 /* Assets.xcassets in Resources */,
				FA7226EB29447EAB00153346 /* Main.storyboard in Resources */,
				FA9AF1212946105700D2DFF0 /* DevicesCustomView.xib in Resources */,
				FA83EE5629466C4600074090 /* lamp.json in Resources */,
			);
			runOnlyForDeploymentPostprocessing = 0;
		};
/* End PBXResourcesBuildPhase section */

/* Begin PBXShellScriptBuildPhase section */
		287B7B8AD1AC09CF86714688 /* [CP] Check Pods Manifest.lock */ = {
			isa = PBXShellScriptBuildPhase;
			buildActionMask = 2147483647;
			files = (
			);
			inputFileListPaths = (
			);
			inputPaths = (
				"${PODS_PODFILE_DIR_PATH}/Podfile.lock",
				"${PODS_ROOT}/Manifest.lock",
			);
			name = "[CP] Check Pods Manifest.lock";
			outputFileListPaths = (
			);
			outputPaths = (
				"$(DERIVED_FILE_DIR)/Pods-Homework 6 - @ItsMeIns - SmartHome-checkManifestLockResult.txt",
			);
			runOnlyForDeploymentPostprocessing = 0;
			shellPath = /bin/sh;
			shellScript = "diff \"${PODS_PODFILE_DIR_PATH}/Podfile.lock\" \"${PODS_ROOT}/Manifest.lock\" > /dev/null\nif [ $? != 0 ] ; then\n    # print error to STDERR\n    echo \"error: The sandbox is not in sync with the Podfile.lock. Run 'pod install' or update your CocoaPods installation.\" >&2\n    exit 1\nfi\n# This output is used by Xcode 'outputs' to avoid re-running this script phase.\necho \"SUCCESS\" > \"${SCRIPT_OUTPUT_FILE_0}\"\n";
			showEnvVarsInLog = 0;
		};
		E7E8AC3A3C4E28531649C678 /* [CP] Embed Pods Frameworks */ = {
			isa = PBXShellScriptBuildPhase;
			buildActionMask = 2147483647;
			files = (
			);
			inputFileListPaths = (
				"${PODS_ROOT}/Target Support Files/Pods-Homework 6 - @ItsMeIns - SmartHome/Pods-Homework 6 - @ItsMeIns - SmartHome-frameworks-${CONFIGURATION}-input-files.xcfilelist",
			);
			name = "[CP] Embed Pods Frameworks";
			outputFileListPaths = (
				"${PODS_ROOT}/Target Support Files/Pods-Homework 6 - @ItsMeIns - SmartHome/Pods-Homework 6 - @ItsMeIns - SmartHome-frameworks-${CONFIGURATION}-output-files.xcfilelist",
			);
			runOnlyForDeploymentPostprocessing = 0;
			shellPath = /bin/sh;
			shellScript = "\"${PODS_ROOT}/Target Support Files/Pods-Homework 6 - @ItsMeIns - SmartHome/Pods-Homework 6 - @ItsMeIns - SmartHome-frameworks.sh\"\n";
			showEnvVarsInLog = 0;
		};
/* End PBXShellScriptBuildPhase section */

/* Begin PBXSourcesBuildPhase section */
		FA7226DC29447EAA00153346 /* Sources */ = {
			isa = PBXSourcesBuildPhase;
			buildActionMask = 2147483647;
			files = (
				FA7226E829447EAB00153346 /* ViewController.swift in Sources */,
				FA9AF11929460FFE00D2DFF0 /* RoomsCustomView.swift in Sources */,
				FA9AF11529460F9E00D2DFF0 /* ScenarioCustomView.swift in Sources */,
				FA7226E429447EAB00153346 /* AppDelegate.swift in Sources */,
				FA7226E629447EAB00153346 /* SceneDelegate.swift in Sources */,
				FA9AF11F2946104E00D2DFF0 /* DevicesCustomView.swift in Sources */,
				FA9AF123294610FB00D2DFF0 /* PersonView.swift in Sources */,
			);
			runOnlyForDeploymentPostprocessing = 0;
		};
/* End PBXSourcesBuildPhase section */

/* Begin PBXVariantGroup section */
		FA7226E929447EAB00153346 /* Main.storyboard */ = {
			isa = PBXVariantGroup;
			children = (
				FA7226EA29447EAB00153346 /* Base */,
			);
			name = Main.storyboard;
			sourceTree = "<group>";
		};
		FA7226EE29447EAE00153346 /* LaunchScreen.storyboard */ = {
			isa = PBXVariantGroup;
			children = (
				FA7226EF29447EAE00153346 /* Base */,
			);
			name = LaunchScreen.storyboard;
			sourceTree = "<group>";
		};
/* End PBXVariantGroup section */

/* Begin XCBuildConfiguration section */
		FA7226F229447EAE00153346 /* Debug */ = {
			isa = XCBuildConfiguration;
			buildSettings = {
				ALWAYS_SEARCH_USER_PATHS = NO;
				CLANG_ANALYZER_NONNULL = YES;
				CLANG_ANALYZER_NUMBER_OBJECT_CONVERSION = YES_AGGRESSIVE;
				CLANG_CXX_LANGUAGE_STANDARD = "gnu++20";
				CLANG_ENABLE_MODULES = YES;
				CLANG_ENABLE_OBJC_ARC = YES;
				CLANG_ENABLE_OBJC_WEAK = YES;
				CLANG_WARN_BLOCK_CAPTURE_AUTORELEASING = YES;
				CLANG_WARN_BOOL_CONVERSION = YES;
				CLANG_WARN_COMMA = YES;
				CLANG_WARN_CONSTANT_CONVERSION = YES;
				CLANG_WARN_DEPRECATED_OBJC_IMPLEMENTATIONS = YES;
				CLANG_WARN_DIRECT_OBJC_ISA_USAGE = YES_ERROR;
				CLANG_WARN_DOCUMENTATION_COMMENTS = YES;
				CLANG_WARN_EMPTY_BODY = YES;
				CLANG_WARN_ENUM_CONVERSION = YES;
				CLANG_WARN_INFINITE_RECURSION = YES;
				CLANG_WARN_INT_CONVERSION = YES;
				CLANG_WARN_NON_LITERAL_NULL_CONVERSION = YES;
				CLANG_WARN_OBJC_IMPLICIT_RETAIN_SELF = YES;
				CLANG_WARN_OBJC_LITERAL_CONVERSION = YES;
				CLANG_WARN_OBJC_ROOT_CLASS = YES_ERROR;
				CLANG_WARN_QUOTED_INCLUDE_IN_FRAMEWORK_HEADER = YES;
				CLANG_WARN_RANGE_LOOP_ANALYSIS = YES;
				CLANG_WARN_STRICT_PROTOTYPES = YES;
				CLANG_WARN_SUSPICIOUS_MOVE = YES;
				CLANG_WARN_UNGUARDED_AVAILABILITY = YES_AGGRESSIVE;
				CLANG_WARN_UNREACHABLE_CODE = YES;
				CLANG_WARN__DUPLICATE_METHOD_MATCH = YES;
				COPY_PHASE_STRIP = NO;
				DEBUG_INFORMATION_FORMAT = dwarf;
				ENABLE_STRICT_OBJC_MSGSEND = YES;
				ENABLE_TESTABILITY = YES;
				GCC_C_LANGUAGE_STANDARD = gnu11;
				GCC_DYNAMIC_NO_PIC = NO;
				GCC_NO_COMMON_BLOCKS = YES;
				GCC_OPTIMIZATION_LEVEL = 0;
				GCC_PREPROCESSOR_DEFINITIONS = (
					"DEBUG=1",
					"$(inherited)",
				);
				GCC_WARN_64_TO_32_BIT_CONVERSION = YES;
				GCC_WARN_ABOUT_RETURN_TYPE = YES_ERROR;
				GCC_WARN_UNDECLARED_SELECTOR = YES;
				GCC_WARN_UNINITIALIZED_AUTOS = YES_AGGRESSIVE;
				GCC_WARN_UNUSED_FUNCTION = YES;
				GCC_WARN_UNUSED_VARIABLE = YES;
				IPHONEOS_DEPLOYMENT_TARGET = 16.0;
				MTL_ENABLE_DEBUG_INFO = INCLUDE_SOURCE;
				MTL_FAST_MATH = YES;
				ONLY_ACTIVE_ARCH = YES;
				SDKROOT = iphoneos;
				SWIFT_ACTIVE_COMPILATION_CONDITIONS = DEBUG;
				SWIFT_OPTIMIZATION_LEVEL = "-Onone";
			};
			name = Debug;
		};
		FA7226F329447EAE00153346 /* Release */ = {
			isa = XCBuildConfiguration;
			buildSettings = {
				ALWAYS_SEARCH_USER_PATHS = NO;
				CLANG_ANALYZER_NONNULL = YES;
				CLANG_ANALYZER_NUMBER_OBJECT_CONVERSION = YES_AGGRESSIVE;
				CLANG_CXX_LANGUAGE_STANDARD = "gnu++20";
				CLANG_ENABLE_MODULES = YES;
				CLANG_ENABLE_OBJC_ARC = YES;
				CLANG_ENABLE_OBJC_WEAK = YES;
				CLANG_WARN_BLOCK_CAPTURE_AUTORELEASING = YES;
				CLANG_WARN_BOOL_CONVERSION = YES;
				CLANG_WARN_COMMA = YES;
				CLANG_WARN_CONSTANT_CONVERSION = YES;
				CLANG_WARN_DEPRECATED_OBJC_IMPLEMENTATIONS = YES;
				CLANG_WARN_DIRECT_OBJC_ISA_USAGE = YES_ERROR;
				CLANG_WARN_DOCUMENTATION_COMMENTS = YES;
				CLANG_WARN_EMPTY_BODY = YES;
				CLANG_WARN_ENUM_CONVERSION = YES;
				CLANG_WARN_INFINITE_RECURSION = YES;
				CLANG_WARN_INT_CONVERSION = YES;
				CLANG_WARN_NON_LITERAL_NULL_CONVERSION = YES;
				CLANG_WARN_OBJC_IMPLICIT_RETAIN_SELF = YES;
				CLANG_WARN_OBJC_LITERAL_CONVERSION = YES;
				CLANG_WARN_OBJC_ROOT_CLASS = YES_ERROR;
				CLANG_WARN_QUOTED_INCLUDE_IN_FRAMEWORK_HEADER = YES;
				CLANG_WARN_RANGE_LOOP_ANALYSIS = YES;
				CLANG_WARN_STRICT_PROTOTYPES = YES;
				CLANG_WARN_SUSPICIOUS_MOVE = YES;
				CLANG_WARN_UNGUARDED_AVAILABILITY = YES_AGGRESSIVE;
				CLANG_WARN_UNREACHABLE_CODE = YES;
				CLANG_WARN__DUPLICATE_METHOD_MATCH = YES;
				COPY_PHASE_STRIP = NO;
				DEBUG_INFORMATION_FORMAT = "dwarf-with-dsym";
				ENABLE_NS_ASSERTIONS = NO;
				ENABLE_STRICT_OBJC_MSGSEND = YES;
				GCC_C_LANGUAGE_STANDARD = gnu11;
				GCC_NO_COMMON_BLOCKS = YES;
				GCC_WARN_64_TO_32_BIT_CONVERSION = YES;
				GCC_WARN_ABOUT_RETURN_TYPE = YES_ERROR;
				GCC_WARN_UNDECLARED_SELECTOR = YES;
				GCC_WARN_UNINITIALIZED_AUTOS = YES_AGGRESSIVE;
				GCC_WARN_UNUSED_FUNCTION = YES;
				GCC_WARN_UNUSED_VARIABLE = YES;
				IPHONEOS_DEPLOYMENT_TARGET = 16.0;
				MTL_ENABLE_DEBUG_INFO = NO;
				MTL_FAST_MATH = YES;
				SDKROOT = iphoneos;
				SWIFT_COMPILATION_MODE = wholemodule;
				SWIFT_OPTIMIZATION_LEVEL = "-O";
				VALIDATE_PRODUCT = YES;
			};
			name = Release;
		};
		FA7226F529447EAE00153346 /* Debug */ = {
			isa = XCBuildConfiguration;
			baseConfigurationReference = 7F91532771EBA127314477BE /* Pods-Homework 6 - @ItsMeIns - SmartHome.debug.xcconfig */;
			buildSettings = {
				ASSETCATALOG_COMPILER_GLOBAL_ACCENT_COLOR_NAME = AccentColor;
				CODE_SIGN_STYLE = Automatic;
				CURRENT_PROJECT_VERSION = 1;
				DEVELOPMENT_TEAM = C3FR263H69;
				GENERATE_INFOPLIST_FILE = YES;
				INFOPLIST_FILE = "Homework 6 - @ItsMeIns - SmartHome/Info.plist";
				INFOPLIST_KEY_UIApplicationSupportsIndirectInputEvents = YES;
				INFOPLIST_KEY_UILaunchStoryboardName = "";
				INFOPLIST_KEY_UIMainStoryboardFile = Main;
				INFOPLIST_KEY_UISupportedInterfaceOrientations_iPad = "UIInterfaceOrientationPortrait UIInterfaceOrientationPortraitUpsideDown UIInterfaceOrientationLandscapeLeft UIInterfaceOrientationLandscapeRight";
				INFOPLIST_KEY_UISupportedInterfaceOrientations_iPhone = "UIInterfaceOrientationPortrait UIInterfaceOrientationLandscapeLeft UIInterfaceOrientationLandscapeRight";
				LD_RUNPATH_SEARCH_PATHS = (
					"$(inherited)",
					"@executable_path/Frameworks",
				);
				MARKETING_VERSION = 1.0;
				PRODUCT_BUNDLE_IDENTIFIER = "com.ins.Homework-6----ItsMeIns---SmartHome";
				PRODUCT_NAME = "$(TARGET_NAME)";
				SWIFT_EMIT_LOC_STRINGS = YES;
				SWIFT_VERSION = 5.0;
				TARGETED_DEVICE_FAMILY = "1,2";
			};
			name = Debug;
		};
		FA7226F629447EAE00153346 /* Release */ = {
			isa = XCBuildConfiguration;
			baseConfigurationReference = 17B05C44A94564A94C7E7F10 /* Pods-Homework 6 - @ItsMeIns - SmartHome.release.xcconfig */;
			buildSettings = {
				ASSETCATALOG_COMPILER_GLOBAL_ACCENT_COLOR_NAME = AccentColor;
				CODE_SIGN_STYLE = Automatic;
				CURRENT_PROJECT_VERSION = 1;
				DEVELOPMENT_TEAM = C3FR263H69;
				GENERATE_INFOPLIST_FILE = YES;
				INFOPLIST_FILE = "Homework 6 - @ItsMeIns - SmartHome/Info.plist";
				INFOPLIST_KEY_UIApplicationSupportsIndirectInputEvents = YES;
				INFOPLIST_KEY_UILaunchStoryboardName = "";
				INFOPLIST_KEY_UIMainStoryboardFile = Main;
				INFOPLIST_KEY_UISupportedInterfaceOrientations_iPad = "UIInterfaceOrientationPortrait UIInterfaceOrientationPortraitUpsideDown UIInterfaceOrientationLandscapeLeft UIInterfaceOrientationLandscapeRight";
				INFOPLIST_KEY_UISupportedInterfaceOrientations_iPhone = "UIInterfaceOrientationPortrait UIInterfaceOrientationLandscapeLeft UIInterfaceOrientationLandscapeRight";
				LD_RUNPATH_SEARCH_PATHS = (
					"$(inherited)",
					"@executable_path/Frameworks",
				);
				MARKETING_VERSION = 1.0;
				PRODUCT_BUNDLE_IDENTIFIER = "com.ins.Homework-6----ItsMeIns---SmartHome";
				PRODUCT_NAME = "$(TARGET_NAME)";
				SWIFT_EMIT_LOC_STRINGS = YES;
				SWIFT_VERSION = 5.0;
				TARGETED_DEVICE_FAMILY = "1,2";
			};
			name = Release;
		};
/* End XCBuildConfiguration section */

/* Begin XCConfigurationList section */
		FA7226DB29447EAA00153346 /* Build configuration list for PBXProject "Homework 6 - @ItsMeIns - SmartHome" */ = {
			isa = XCConfigurationList;
			buildConfigurations = (
				FA7226F229447EAE00153346 /* Debug */,
				FA7226F329447EAE00153346 /* Release */,
			);
			defaultConfigurationIsVisible = 0;
			defaultConfigurationName = Release;
		};
		FA7226F429447EAE00153346 /* Build configuration list for PBXNativeTarget "Homework 6 - @ItsMeIns - SmartHome" */ = {
			isa = XCConfigurationList;
			buildConfigurations = (
				FA7226F529447EAE00153346 /* Debug */,
				FA7226F629447EAE00153346 /* Release */,
			);
			defaultConfigurationIsVisible = 0;
			defaultConfigurationName = Release;
		};
/* End XCConfigurationList section */
	};
	rootObject = FA7226D829447EAA00153346 /* Project object */;
}
